PODS:
  - AppComponent (0.1.0)
  - TheFeedComponent (0.1.0):
    - AppComponent (~> 0.1.0)

DEPENDENCIES:
  - AppComponent
  - TheFeedComponent

SPEC CHECKSUMS:
  AppComponent: 3f100e3d8a861932750b6eb33bb44729f36cdde3
  TheFeedComponent: ce0663157fb72705fc3009e29521ce8d7532b0db

PODFILE CHECKSUM: a321ca390a60607d7609fa95bc9552d59299c251

COCOAPODS: 1.1.1
