// !$*UTF8*$!
{
	archiveVersion = 1;
	classes = {
	};
	objectVersion = 46;
	objects = {

/* Begin PBXBuildFile section */
		2EDA389569DFB21C13D14E1E /* Pods_MultiversedApp.framework in Frameworks */ = {isa = PBXBuildFile; fileRef = D70DA7A2ED97F52284B39222 /* Pods_MultiversedApp.framework */; };
		39C510DB1DDCCAD100EDD713 /* AppDelegate.swift in Sources */ = {isa = PBXBuildFile; fileRef = 39C510DA1DDCCAD100EDD713 /* AppDelegate.swift */; };
		39C510DD1DDCCAD100EDD713 /* ViewController.swift in Sources */ = {isa = PBXBuildFile; fileRef = 39C510DC1DDCCAD100EDD713 /* ViewController.swift */; };
		39C510E01DDCCAD100EDD713 /* Main.storyboard in Resources */ = {isa = PBXBuildFile; fileRef = 39C510DE1DDCCAD100EDD713 /* Main.storyboard */; };
		39C510E21DDCCAD100EDD713 /* Assets.xcassets in Resources */ = {isa = PBXBuildFile; fileRef = 39C510E11DDCCAD100EDD713 /* Assets.xcassets */; };
		39C510E51DDCCAD100EDD713 /* LaunchScreen.storyboard in Resources */ = {isa = PBXBuildFile; fileRef = 39C510E31DDCCAD100EDD713 /* LaunchScreen.storyboard */; };
/* End PBXBuildFile section */

/* Begin PBXFileReference section */
		2E1ECD96DBEC1218E5AC5EE2 /* Pods-MultiversedApp.release.xcconfig */ = {isa = PBXFileReference; includeInIndex = 1; lastKnownFileType = text.xcconfig; name = "Pods-MultiversedApp.release.xcconfig"; path = "Pods/Target Support Files/Pods-MultiversedApp/Pods-MultiversedApp.release.xcconfig"; sourceTree = "<group>"; };
		2F6F6404CFD49CEB4A67985C /* Pods-MultiversedApp.debug.xcconfig */ = {isa = PBXFileReference; includeInIndex = 1; lastKnownFileType = text.xcconfig; name = "Pods-MultiversedApp.debug.xcconfig"; path = "Pods/Target Support Files/Pods-MultiversedApp/Pods-MultiversedApp.debug.xcconfig"; sourceTree = "<group>"; };
		39C510D71DDCCAD100EDD713 /* MultiversedApp.app */ = {isa = PBXFileReference; explicitFileType = wrapper.application; includeInIndex = 0; path = MultiversedApp.app; sourceTree = BUILT_PRODUCTS_DIR; };
		39C510DA1DDCCAD100EDD713 /* AppDelegate.swift */ = {isa = PBXFileReference; lastKnownFileType = sourcecode.swift; path = AppDelegate.swift; sourceTree = "<group>"; };
		39C510DC1DDCCAD100EDD713 /* ViewController.swift */ = {isa = PBXFileReference; lastKnownFileType = sourcecode.swift; path = ViewController.swift; sourceTree = "<group>"; };
		39C510DF1DDCCAD100EDD713 /* Base */ = {isa = PBXFileReference; lastKnownFileType = file.storyboard; name = Base; path = Base.lproj/Main.storyboard; sourceTree = "<group>"; };
		39C510E11DDCCAD100EDD713 /* Assets.xcassets */ = {isa = PBXFileReference; lastKnownFileType = folder.assetcatalog; path = Assets.xcassets; sourceTree = "<group>"; };
		39C510E41DDCCAD100EDD713 /* Base */ = {isa = PBXFileReference; lastKnownFileType = file.storyboard; name = Base; path = Base.lproj/LaunchScreen.storyboard; sourceTree = "<group>"; };
		39C510E61DDCCAD100EDD713 /* Info.plist */ = {isa = PBXFileReference; lastKnownFileType = text.plist.xml; path = Info.plist; sourceTree = "<group>"; };
		D70DA7A2ED97F52284B39222 /* Pods_MultiversedApp.framework */ = {isa = PBXFileReference; explicitFileType = wrapper.framework; includeInIndex = 0; path = Pods_MultiversedApp.framework; sourceTree = BUILT_PRODUCTS_DIR; };
/* End PBXFileReference section */

/* Begin PBXFrameworksBuildPhase section */
		39C510D41DDCCAD100EDD713 /* Frameworks */ = {
			isa = PBXFrameworksBuildPhase;
			buildActionMask = 2147483647;
			files = (
				2EDA389569DFB21C13D14E1E /* Pods_MultiversedApp.framework in Frameworks */,
			);
			runOnlyForDeploymentPostprocessing = 0;
		};
/* End PBXFrameworksBuildPhase section */

/* Begin PBXGroup section */
		39C510CE1DDCCAD100EDD713 = {
			isa = PBXGroup;
			children = (
				39C510D91DDCCAD100EDD713 /* MultiversedApp */,
				39C510D81DDCCAD100EDD713 /* Products */,
				F0DEBF3001F5025770C31937 /* Pods */,
				D23A6F107C90F3EBFA2AAD60 /* Frameworks */,
			);
			sourceTree = "<group>";
		};
		39C510D81DDCCAD100EDD713 /* Products */ = {
			isa = PBXGroup;
			children = (
				39C510D71DDCCAD100EDD713 /* MultiversedApp.app */,
			);
			name = Products;
			sourceTree = "<group>";
		};
		39C510D91DDCCAD100EDD713 /* MultiversedApp */ = {
			isa = PBXGroup;
			children = (
				39C510DA1DDCCAD100EDD713 /* AppDelegate.swift */,
				39C510DC1DDCCAD100EDD713 /* ViewController.swift */,
				39C510DE1DDCCAD100EDD713 /* Main.storyboard */,
				39C510E11DDCCAD100EDD713 /* Assets.xcassets */,
				39C510E31DDCCAD100EDD713 /* LaunchScreen.storyboard */,
				39C510E61DDCCAD100EDD713 /* Info.plist */,
			);
			path = MultiversedApp;
			sourceTree = "<group>";
		};
		D23A6F107C90F3EBFA2AAD60 /* Frameworks */ = {
			isa = PBXGroup;
			children = (
				D70DA7A2ED97F52284B39222 /* Pods_MultiversedApp.framework */,
			);
			name = Frameworks;
			sourceTree = "<group>";
		};
		F0DEBF3001F5025770C31937 /* Pods */ = {
			isa = PBXGroup;
			children = (
				2F6F6404CFD49CEB4A67985C /* Pods-MultiversedApp.debug.xcconfig */,
				2E1ECD96DBEC1218E5AC5EE2 /* Pods-MultiversedApp.release.xcconfig */,
			);
			name = Pods;
			sourceTree = "<group>";
		};
/* End PBXGroup section */

/* Begin PBXNativeTarget section */
		39C510D61DDCCAD100EDD713 /* MultiversedApp */ = {
			isa = PBXNativeTarget;
			buildConfigurationList = 39C510E91DDCCAD100EDD713 /* Build configuration list for PBXNativeTarget "MultiversedApp" */;
			buildPhases = (
				6DF75937A5A044571627BE51 /* [CP] Check Pods Manifest.lock */,
				39C510D31DDCCAD100EDD713 /* Sources */,
				39C510D41DDCCAD100EDD713 /* Frameworks */,
				39C510D51DDCCAD100EDD713 /* Resources */,
				30AAD9247F3C40A5F18C9FA7 /* [CP] Embed Pods Frameworks */,
				137D9A63EF32C08B28429A12 /* [CP] Copy Pods Resources */,
			);
			buildRules = (
			);
			dependencies = (
			);
			name = MultiversedApp;
			productName = MultiversedApp;
			productReference = 39C510D71DDCCAD100EDD713 /* MultiversedApp.app */;
			productType = "com.apple.product-type.application";
		};
/* End PBXNativeTarget section */

/* Begin PBXProject section */
		39C510CF1DDCCAD100EDD713 /* Project object */ = {
			isa = PBXProject;
			attributes = {
				LastSwiftUpdateCheck = 0810;
				LastUpgradeCheck = 0810;
				ORGANIZATIONNAME = "Alberto Chamorro";
				TargetAttributes = {
					39C510D61DDCCAD100EDD713 = {
						CreatedOnToolsVersion = 8.1;
						DevelopmentTeam = K344HSVA53;
						ProvisioningStyle = Automatic;
					};
				};
			};
			buildConfigurationList = 39C510D21DDCCAD100EDD713 /* Build configuration list for PBXProject "MultiversedApp" */;
			compatibilityVersion = "Xcode 3.2";
			developmentRegion = English;
			hasScannedForEncodings = 0;
			knownRegions = (
				en,
				Base,
			);
			mainGroup = 39C510CE1DDCCAD100EDD713;
			productRefGroup = 39C510D81DDCCAD100EDD713 /* Products */;
			projectDirPath = "";
			projectRoot = "";
			targets = (
				39C510D61DDCCAD100EDD713 /* MultiversedApp */,
			);
		};
/* End PBXProject section */

/* Begin PBXResourcesBuildPhase section */
		39C510D51DDCCAD100EDD713 /* Resources */ = {
			isa = PBXResourcesBuildPhase;
			buildActionMask = 2147483647;
			files = (
				39C510E51DDCCAD100EDD713 /* LaunchScreen.storyboard in Resources */,
				39C510E21DDCCAD100EDD713 /* Assets.xcassets in Resources */,
				39C510E01DDCCAD100EDD713 /* Main.storyboard in Resources */,
			);
			runOnlyForDeploymentPostprocessing = 0;
		};
/* End PBXResourcesBuildPhase section */

/* Begin PBXShellScriptBuildPhase section */
		137D9A63EF32C08B28429A12 /* [CP] Copy Pods Resources */ = {
			isa = PBXShellScriptBuildPhase;
			buildActionMask = 2147483647;
			files = (
			);
			inputPaths = (
			);
			name = "[CP] Copy Pods Resources";
			outputPaths = (
			);
			runOnlyForDeploymentPostprocessing = 0;
			shellPath = /bin/sh;
			shellScript = "\"${SRCROOT}/Pods/Target Support Files/Pods-MultiversedApp/Pods-MultiversedApp-resources.sh\"\n";
			showEnvVarsInLog = 0;
		};
		30AAD9247F3C40A5F18C9FA7 /* [CP] Embed Pods Frameworks */ = {
			isa = PBXShellScriptBuildPhase;
			buildActionMask = 2147483647;
			files = (
			);
			inputPaths = (
			);
			name = "[CP] Embed Pods Frameworks";
			outputPaths = (
			);
			runOnlyForDeploymentPostprocessing = 0;
			shellPath = /bin/sh;
			shellScript = "\"${SRCROOT}/Pods/Target Support Files/Pods-MultiversedApp/Pods-MultiversedApp-frameworks.sh\"\n";
			showEnvVarsInLog = 0;
		};
		6DF75937A5A044571627BE51 /* [CP] Check Pods Manifest.lock */ = {
			isa = PBXShellScriptBuildPhase;
			buildActionMask = 2147483647;
			files = (
			);
			inputPaths = (
			);
			name = "[CP] Check Pods Manifest.lock";
			outputPaths = (
			);
			runOnlyForDeploymentPostprocessing = 0;
			shellPath = /bin/sh;
			shellScript = "diff \"${PODS_ROOT}/../Podfile.lock\" \"${PODS_ROOT}/Manifest.lock\" > /dev/null\nif [ $? != 0 ] ; then\n    # print error to STDERR\n    echo \"error: The sandbox is not in sync with the Podfile.lock. Run 'pod install' or update your CocoaPods installation.\" >&2\n    exit 1\nfi\n";
			showEnvVarsInLog = 0;
		};
/* End PBXShellScriptBuildPhase section */

/* Begin PBXSourcesBuildPhase section */
		39C510D31DDCCAD100EDD713 /* Sources */ = {
			isa = PBXSourcesBuildPhase;
			buildActionMask = 2147483647;
			files = (
				39C510DD1DDCCAD100EDD713 /* ViewController.swift in Sources */,
				39C510DB1DDCCAD100EDD713 /* AppDelegate.swift in Sources */,
			);
			runOnlyForDeploymentPostprocessing = 0;
		};
/* End PBXSourcesBuildPhase section */

/* Begin PBXVariantGroup section */
		39C510DE1DDCCAD100EDD713 /* Main.storyboard */ = {
			isa = PBXVariantGroup;
			children = (
				39C510DF1DDCCAD100EDD713 /* Base */,
			);
			name = Main.storyboard;
			sourceTree = "<group>";
		};
		39C510E31DDCCAD100EDD713 /* LaunchScreen.storyboard */ = {
			isa = PBXVariantGroup;
			children = (
				39C510E41DDCCAD100EDD713 /* Base */,
			);
			name = LaunchScreen.storyboard;
			sourceTree = "<group>";
		};
/* End PBXVariantGroup section */

/* Begin XCBuildConfiguration section */
		39C510E71DDCCAD100EDD713 /* Debug */ = {
			isa = XCBuildConfiguration;
			buildSettings = {
				ALWAYS_SEARCH_USER_PATHS = NO;
				CLANG_ANALYZER_NONNULL = YES;
				CLANG_CXX_LANGUAGE_STANDARD = "gnu++0x";
				CLANG_CXX_LIBRARY = "libc++";
				CLANG_ENABLE_MODULES = YES;
				CLANG_ENABLE_OBJC_ARC = YES;
				CLANG_WARN_BOOL_CONVERSION = YES;
				CLANG_WARN_CONSTANT_CONVERSION = YES;
				CLANG_WARN_DIRECT_OBJC_ISA_USAGE = YES_ERROR;
				CLANG_WARN_DOCUMENTATION_COMMENTS = YES;
				CLANG_WARN_EMPTY_BODY = YES;
				CLANG_WARN_ENUM_CONVERSION = YES;
				CLANG_WARN_INFINITE_RECURSION = YES;
				CLANG_WARN_INT_CONVERSION = YES;
				CLANG_WARN_OBJC_ROOT_CLASS = YES_ERROR;
				CLANG_WARN_SUSPICIOUS_MOVES = YES;
				CLANG_WARN_UNREACHABLE_CODE = YES;
				CLANG_WARN__DUPLICATE_METHOD_MATCH = YES;
				"CODE_SIGN_IDENTITY[sdk=iphoneos*]" = "iPhone Developer";
				COPY_PHASE_STRIP = NO;
				DEBUG_INFORMATION_FORMAT = dwarf;
				ENABLE_STRICT_OBJC_MSGSEND = YES;
				ENABLE_TESTABILITY = YES;
				GCC_C_LANGUAGE_STANDARD = gnu99;
				GCC_DYNAMIC_NO_PIC = NO;
				GCC_NO_COMMON_BLOCKS = YES;
				GCC_OPTIMIZATION_LEVEL = 0;
				GCC_PREPROCESSOR_DEFINITIONS = (
					"DEBUG=1",
					"$(inherited)",
				);
				GCC_WARN_64_TO_32_BIT_CONVERSION = YES;
				GCC_WARN_ABOUT_RETURN_TYPE = YES_ERROR;
				GCC_WARN_UNDECLARED_SELECTOR = YES;
				GCC_WARN_UNINITIALIZED_AUTOS = YES_AGGRESSIVE;
				GCC_WARN_UNUSED_FUNCTION = YES;
				GCC_WARN_UNUSED_VARIABLE = YES;
				IPHONEOS_DEPLOYMENT_TARGET = 10.1;
				MTL_ENABLE_DEBUG_INFO = YES;
				ONLY_ACTIVE_ARCH = YES;
				SDKROOT = iphoneos;
				SWIFT_ACTIVE_COMPILATION_CONDITIONS = DEBUG;
				SWIFT_OPTIMIZATION_LEVEL = "-Onone";
			};
			name = Debug;
		};
		39C510E81DDCCAD100EDD713 /* Release */ = {
			isa = XCBuildConfiguration;
			buildSettings = {
				ALWAYS_SEARCH_USER_PATHS = NO;
				CLANG_ANALYZER_NONNULL = YES;
				CLANG_CXX_LANGUAGE_STANDARD = "gnu++0x";
				CLANG_CXX_LIBRARY = "libc++";
				CLANG_ENABLE_MODULES = YES;
				CLANG_ENABLE_OBJC_ARC = YES;
				CLANG_WARN_BOOL_CONVERSION = YES;
				CLANG_WARN_CONSTANT_CONVERSION = YES;
				CLANG_WARN_DIRECT_OBJC_ISA_USAGE = YES_ERROR;
				CLANG_WARN_DOCUMENTATION_COMMENTS = YES;
				CLANG_WARN_EMPTY_BODY = YES;
				CLANG_WARN_ENUM_CONVERSION = YES;
				CLANG_WARN_INFINITE_RECURSION = YES;
				CLANG_WARN_INT_CONVERSION = YES;
				CLANG_WARN_OBJC_ROOT_CLASS = YES_ERROR;
				CLANG_WARN_SUSPICIOUS_MOVES = YES;
				CLANG_WARN_UNREACHABLE_CODE = YES;
				CLANG_WARN__DUPLICATE_METHOD_MATCH = YES;
				"CODE_SIGN_IDENTITY[sdk=iphoneos*]" = "iPhone Developer";
				COPY_PHASE_STRIP = NO;
				DEBUG_INFORMATION_FORMAT = "dwarf-with-dsym";
				ENABLE_NS_ASSERTIONS = NO;
				ENABLE_STRICT_OBJC_MSGSEND = YES;
				GCC_C_LANGUAGE_STANDARD = gnu99;
				GCC_NO_COMMON_BLOCKS = YES;
				GCC_WARN_64_TO_32_BIT_CONVERSION = YES;
				GCC_WARN_ABOUT_RETURN_TYPE = YES_ERROR;
				GCC_WARN_UNDECLARED_SELECTOR = YES;
				GCC_WARN_UNINITIALIZED_AUTOS = YES_AGGRESSIVE;
				GCC_WARN_UNUSED_FUNCTION = YES;
				GCC_WARN_UNUSED_VARIABLE = YES;
				IPHONEOS_DEPLOYMENT_TARGET = 10.1;
				MTL_ENABLE_DEBUG_INFO = NO;
				SDKROOT = iphoneos;
				SWIFT_OPTIMIZATION_LEVEL = "-Owholemodule";
				VALIDATE_PRODUCT = YES;
			};
			name = Release;
		};
		39C510EA1DDCCAD100EDD713 /* Debug */ = {
			isa = XCBuildConfiguration;
			baseConfigurationReference = 2F6F6404CFD49CEB4A67985C /* Pods-MultiversedApp.debug.xcconfig */;
			buildSettings = {
				ASSETCATALOG_COMPILER_APPICON_NAME = AppIcon;
				DEVELOPMENT_TEAM = K344HSVA53;
				INFOPLIST_FILE = MultiversedApp/Info.plist;
				LD_RUNPATH_SEARCH_PATHS = "$(inherited) @executable_path/Frameworks";
				PRODUCT_BUNDLE_IDENTIFIER = com.aichamorro.MultiversedApp;
				PRODUCT_NAME = "$(TARGET_NAME)";
				SWIFT_VERSION = 3.0;
			};
			name = Debug;
		};
		39C510EB1DDCCAD100EDD713 /* Release */ = {
			isa = XCBuildConfiguration;
			baseConfigurationReference = 2E1ECD96DBEC1218E5AC5EE2 /* Pods-MultiversedApp.release.xcconfig */;
			buildSettings = {
				ASSETCATALOG_COMPILER_APPICON_NAME = AppIcon;
				DEVELOPMENT_TEAM = K344HSVA53;
				INFOPLIST_FILE = MultiversedApp/Info.plist;
				LD_RUNPATH_SEARCH_PATHS = "$(inherited) @executable_path/Frameworks";
				PRODUCT_BUNDLE_IDENTIFIER = com.aichamorro.MultiversedApp;
				PRODUCT_NAME = "$(TARGET_NAME)";
				SWIFT_VERSION = 3.0;
			};
			name = Release;
		};
/* End XCBuildConfiguration section */

/* Begin XCConfigurationList section */
		39C510D21DDCCAD100EDD713 /* Build configuration list for PBXProject "MultiversedApp" */ = {
			isa = XCConfigurationList;
			buildConfigurations = (
				39C510E71DDCCAD100EDD713 /* Debug */,
				39C510E81DDCCAD100EDD713 /* Release */,
			);
			defaultConfigurationIsVisible = 0;
			defaultConfigurationName = Release;
		};
		39C510E91DDCCAD100EDD713 /* Build configuration list for PBXNativeTarget "MultiversedApp" */ = {
			isa = XCConfigurationList;
			buildConfigurations = (
				39C510EA1DDCCAD100EDD713 /* Debug */,
				39C510EB1DDCCAD100EDD713 /* Release */,
			);
			defaultConfigurationIsVisible = 0;
			defaultConfigurationName = Release;
		};
/* End XCConfigurationList section */
	};
	rootObject = 39C510CF1DDCCAD100EDD713 /* Project object */;
}
